{
  "lockfileVersion": 1,
  "configVersion": 1,
  "workspaces": {
    "": {
      "name": "llm-wiki-backend",
      "dependencies": {
        "@lydell/node-pty": "^1.2.0-beta.10",
        "hono": "^4.10.6",
        "pg": "^8.16.3",
        "zod": "^4.3.6",
      },
      "devDependencies": {
        "@types/node": "^24.9.1",
        "@types/pg": "^8.15.5",
        "esbuild": "^0.28.0",
        "typescript": "^5.9.3",
      },
    },
  },
  "packages": {
    "@esbuild/aix-ppc64": ["@esbuild/aix-ppc64@0.28.0", "https://registry.npmmirror.com/@esbuild/aix-ppc64/-/aix-ppc64-0.28.0.tgz", { "os": "aix", "cpu": "ppc64" }, "sha512-lhRUCeuOyJQURhTxl4WkpFTjIsbDayJHih5kZC1giwE+MhIzAb7mEsQMqMf18rHLsrb5qI1tafG20mLxEWcWlA=="],

    "@esbuild/android-arm": ["@esbuild/android-arm@0.28.0", "https://registry.npmmirror.com/@esbuild/android-arm/-/android-arm-0.28.0.tgz", { "os": "android", "cpu": "arm" }, "sha512-wqh0ByljabXLKHeWXYLqoJ5jKC4XBaw6Hk08OfMrCRd2nP2ZQ5eleDZC41XHyCNgktBGYMbqnrJKq/K/lzPMSQ=="],

    "@esbuild/android-arm64": ["@esbuild/android-arm64@0.28.0", "https://registry.npmmirror.com/@esbuild/android-arm64/-/android-arm64-0.28.0.tgz", { "os": "android", "cpu": "arm64" }, "sha512-+WzIXQOSaGs33tLEgYPYe/yQHf0WTU0X42Jca3y8NWMbUVhp7rUnw+vAsRC/QiDrdD31IszMrZy+qwPOPjd+rw=="],

    "@esbuild/android-x64": ["@esbuild/android-x64@0.28.0", "https://registry.npmmirror.com/@esbuild/android-x64/-/android-x64-0.28.0.tgz", { "os": "android", "cpu": "x64" }, "sha512-+VJggoaKhk2VNNqVL7f6S189UzShHC/mR9EE8rDdSkdpN0KflSwWY/gWjDrNxxisg8Fp1ZCD9jLMo4m0OUfeUA=="],

    "@esbuild/darwin-arm64": ["@esbuild/darwin-arm64@0.28.0", "https://registry.npmmirror.com/@esbuild/darwin-arm64/-/darwin-arm64-0.28.0.tgz", { "os": "darwin", "cpu": "arm64" }, "sha512-0T+A9WZm+bZ84nZBtk1ckYsOvyA3x7e2Acj1KdVfV4/2tdG4fzUp91YHx+GArWLtwqp77pBXVCPn2We7Letr0Q=="],

    "@esbuild/darwin-x64": ["@esbuild/darwin-x64@0.28.0", "https://registry.npmmirror.com/@esbuild/darwin-x64/-/darwin-x64-0.28.0.tgz", { "os": "darwin", "cpu": "x64" }, "sha512-fyzLm/DLDl/84OCfp2f/XQ4flmORsjU7VKt8HLjvIXChJoFFOIL6pLJPH4Yhd1n1gGFF9mPwtlN5Wf82DZs+LQ=="],

    "@esbuild/freebsd-arm64": ["@esbuild/freebsd-arm64@0.28.0", "https://registry.npmmirror.com/@esbuild/freebsd-arm64/-/freebsd-arm64-0.28.0.tgz", { "os": "freebsd", "cpu": "arm64" }, "sha512-l9GeW5UZBT9k9brBYI+0WDffcRxgHQD8ShN2Ur4xWq/NFzUKm3k5lsH4PdaRgb2w7mI9u61nr2gI2mLI27Nh3Q=="],

    "@esbuild/freebsd-x64": ["@esbuild/freebsd-x64@0.28.0", "https://registry.npmmirror.com/@esbuild/freebsd-x64/-/freebsd-x64-0.28.0.tgz", { "os": "freebsd", "cpu": "x64" }, "sha512-BXoQai/A0wPO6Es3yFJ7APCiKGc1tdAEOgeTNy3SsB491S3aHn4S4r3e976eUnPdU+NbdtmBuLncYir2tMU9Nw=="],

    "@esbuild/linux-arm": ["@esbuild/linux-arm@0.28.0", "https://registry.npmmirror.com/@esbuild/linux-arm/-/linux-arm-0.28.0.tgz", { "os": "linux", "cpu": "arm" }, "sha512-CjaaREJagqJp7iTaNQjjidaNbCKYcd4IDkzbwwxtSvjI7NZm79qiHc8HqciMddQ6CKvJT6aBd8lO9kN/ZudLlw=="],

    "@esbuild/linux-arm64": ["@esbuild/linux-arm64@0.28.0", "https://registry.npmmirror.com/@esbuild/linux-arm64/-/linux-arm64-0.28.0.tgz", { "os": "linux", "cpu": "arm64" }, "sha512-RVyzfb3FWsGA55n6WY0MEIEPURL1FcbhFE6BffZEMEekfCzCIMtB5yyDcFnVbTnwk+CLAgTujmV/Lgvih56W+A=="],

    "@esbuild/linux-ia32": ["@esbuild/linux-ia32@0.28.0", "https://registry.npmmirror.com/@esbuild/linux-ia32/-/linux-ia32-0.28.0.tgz", { "os": "linux", "cpu": "ia32" }, "sha512-KBnSTt1kxl9x70q+ydterVdl+Cn0H18ngRMRCEQfrbqdUuntQQ0LoMZv47uB97NljZFzY6HcfqEZ2SAyIUTQBQ=="],

    "@esbuild/linux-loong64": ["@esbuild/linux-loong64@0.28.0", "https://registry.npmmirror.com/@esbuild/linux-loong64/-/linux-loong64-0.28.0.tgz", { "os": "linux", "cpu": "none" }, "sha512-zpSlUce1mnxzgBADvxKXX5sl8aYQHo2ezvMNI8I0lbblJtp8V4odlm3Yzlj7gPyt3T8ReksE6bK+pT3WD+aJRg=="],

    "@esbuild/linux-mips64el": ["@esbuild/linux-mips64el@0.28.0", "https://registry.npmmirror.com/@esbuild/linux-mips64el/-/linux-mips64el-0.28.0.tgz", { "os": "linux", "cpu": "none" }, "sha512-2jIfP6mmjkdmeTlsX/9vmdmhBmKADrWqN7zcdtHIeNSCH1SqIoNI63cYsjQR8J+wGa4Y5izRcSHSm8K3QWmk3w=="],

    "@esbuild/linux-ppc64": ["@esbuild/linux-ppc64@0.28.0", "https://registry.npmmirror.com/@esbuild/linux-ppc64/-/linux-ppc64-0.28.0.tgz", { "os": "linux", "cpu": "ppc64" }, "sha512-bc0FE9wWeC0WBm49IQMPSPILRocGTQt3j5KPCA8os6VprfuJ7KD+5PzESSrJ6GmPIPJK965ZJHTUlSA6GNYEhg=="],

    "@esbuild/linux-riscv64": ["@esbuild/linux-riscv64@0.28.0", "https://registry.npmmirror.com/@esbuild/linux-riscv64/-/linux-riscv64-0.28.0.tgz", { "os": "linux", "cpu": "none" }, "sha512-SQPZOwoTTT/HXFXQJG/vBX8sOFagGqvZyXcgLA3NhIqcBv1BJU1d46c0rGcrij2B56Z2rNiSLaZOYW5cUk7yLQ=="],

    "@esbuild/linux-s390x": ["@esbuild/linux-s390x@0.28.0", "https://registry.npmmirror.com/@esbuild/linux-s390x/-/linux-s390x-0.28.0.tgz", { "os": "linux", "cpu": "s390x" }, "sha512-SCfR0HN8CEEjnYnySJTd2cw0k9OHB/YFzt5zgJEwa+wL/T/raGWYMBqwDNAC6dqFKmJYZoQBRfHjgwLHGSrn3Q=="],

    "@esbuild/linux-x64": ["@esbuild/linux-x64@0.28.0", "https://registry.npmmirror.com/@esbuild/linux-x64/-/linux-x64-0.28.0.tgz", { "os": "linux", "cpu": "x64" }, "sha512-us0dSb9iFxIi8srnpl931Nvs65it/Jd2a2K3qs7fz2WfGPHqzfzZTfec7oxZJRNPXPnNYZtanmRc4AL/JwVzHQ=="],

    "@esbuild/netbsd-arm64": ["@esbuild/netbsd-arm64@0.28.0", "https://registry.npmmirror.com/@esbuild/netbsd-arm64/-/netbsd-arm64-0.28.0.tgz", { "os": "none", "cpu": "arm64" }, "sha512-CR/RYotgtCKwtftMwJlUU7xCVNg3lMYZ0RzTmAHSfLCXw3NtZtNpswLEj/Kkf6kEL3Gw+BpOekRX0BYCtklhUw=="],

    "@esbuild/netbsd-x64": ["@esbuild/netbsd-x64@0.28.0", "https://registry.npmmirror.com/@esbuild/netbsd-x64/-/netbsd-x64-0.28.0.tgz", { "os": "none", "cpu": "x64" }, "sha512-nU1yhmYutL+fQ71Kxnhg8uEOdC0pwEW9entHykTgEbna2pw2dkbFSMeqjjyHZoCmt8SBkOSvV+yNmm94aUrrqw=="],

    "@esbuild/openbsd-arm64": ["@esbuild/openbsd-arm64@0.28.0", "https://registry.npmmirror.com/@esbuild/openbsd-arm64/-/openbsd-arm64-0.28.0.tgz", { "os": "openbsd", "cpu": "arm64" }, "sha512-cXb5vApOsRsxsEl4mcZ1XY3D4DzcoMxR/nnc4IyqYs0rTI8ZKmW6kyyg+11Z8yvgMfAEldKzP7AdP64HnSC/6g=="],

    "@esbuild/openbsd-x64": ["@esbuild/openbsd-x64@0.28.0", "https://registry.npmmirror.com/@esbuild/openbsd-x64/-/openbsd-x64-0.28.0.tgz", { "os": "openbsd", "cpu": "x64" }, "sha512-8wZM2qqtv9UP3mzy7HiGYNH/zjTA355mpeuA+859TyR+e+Tc08IHYpLJuMsfpDJwoLo1ikIJI8jC3GFjnRClzA=="],

    "@esbuild/openharmony-arm64": ["@esbuild/openharmony-arm64@0.28.0", "https://registry.npmmirror.com/@esbuild/openharmony-arm64/-/openharmony-arm64-0.28.0.tgz", { "os": "none", "cpu": "arm64" }, "sha512-FLGfyizszcef5C3YtoyQDACyg95+dndv79i2EekILBofh5wpCa1KuBqOWKrEHZg3zrL3t5ouE5jgr94vA+Wb2w=="],

    "@esbuild/sunos-x64": ["@esbuild/sunos-x64@0.28.0", "https://registry.npmmirror.com/@esbuild/sunos-x64/-/sunos-x64-0.28.0.tgz", { "os": "sunos", "cpu": "x64" }, "sha512-1ZgjUoEdHZZl/YlV76TSCz9Hqj9h9YmMGAgAPYd+q4SicWNX3G5GCyx9uhQWSLcbvPW8Ni7lj4gDa1T40akdlw=="],

    "@esbuild/win32-arm64": ["@esbuild/win32-arm64@0.28.0", "https://registry.npmmirror.com/@esbuild/win32-arm64/-/win32-arm64-0.28.0.tgz", { "os": "win32", "cpu": "arm64" }, "sha512-Q9StnDmQ/enxnpxCCLSg0oo4+34B9TdXpuyPeTedN/6+iXBJ4J+zwfQI28u/Jl40nOYAxGoNi7mFP40RUtkmUA=="],

    "@esbuild/win32-ia32": ["@esbuild/win32-ia32@0.28.0", "https://registry.npmmirror.com/@esbuild/win32-ia32/-/win32-ia32-0.28.0.tgz", { "os": "win32", "cpu": "ia32" }, "sha512-zF3ag/gfiCe6U2iczcRzSYJKH1DCI+ByzSENHlM2FcDbEeo5Zd2C86Aq0tKUYAJJ1obRP84ymxIAksZUcdztHA=="],

    "@esbuild/win32-x64": ["@esbuild/win32-x64@0.28.0", "https://registry.npmmirror.com/@esbuild/win32-x64/-/win32-x64-0.28.0.tgz", { "os": "win32", "cpu": "x64" }, "sha512-pEl1bO9mfAmIC+tW5btTmrKaujg3zGtUmWNdCw/xs70FBjwAL3o9OEKNHvNmnyylD6ubxUERiEhdsL0xBQ9efw=="],

    "@lydell/node-pty": ["@lydell/node-pty@1.2.0-beta.12", "https://registry.npmmirror.com/@lydell/node-pty/-/node-pty-1.2.0-beta.12.tgz", { "optionalDependencies": { "@lydell/node-pty-darwin-arm64": "1.2.0-beta.12", "@lydell/node-pty-darwin-x64": "1.2.0-beta.12", "@lydell/node-pty-linux-arm64": "1.2.0-beta.12", "@lydell/node-pty-linux-x64": "1.2.0-beta.12", "@lydell/node-pty-win32-arm64": "1.2.0-beta.12", "@lydell/node-pty-win32-x64": "1.2.0-beta.12" } }, "sha512-qIK890UwPupoj07osVvgOIa++1mxeHbcGry4PKRHhNVNs81V2SCG34eJr46GybiOmBtc8Sj5PB1/GGM5PL549g=="],

    "@lydell/node-pty-darwin-arm64": ["@lydell/node-pty-darwin-arm64@1.2.0-beta.12", "https://registry.npmmirror.com/@lydell/node-pty-darwin-arm64/-/node-pty-darwin-arm64-1.2.0-beta.12.tgz", { "os": "darwin", "cpu": "arm64" }, "sha512-tqaifcY9Cr41SblO1+FLzh8oxxtkNhuW9Dhl22lKme9BreYvKvxEZcdPIXTuqkJc5tagOEC4QHShKmJjLyLXLQ=="],

    "@lydell/node-pty-darwin-x64": ["@lydell/node-pty-darwin-x64@1.2.0-beta.12", "https://registry.npmmirror.com/@lydell/node-pty-darwin-x64/-/node-pty-darwin-x64-1.2.0-beta.12.tgz", { "os": "darwin", "cpu": "x64" }, "sha512-4LrS5pCJwqHKDVf1zS2gyNV0m4hKAXch+XZNhbZ6LY8uwVL8BhchzQBO40Os5anuRxRCWzHpw4Sp64Ie8q7E4Q=="],

    "@lydell/node-pty-linux-arm64": ["@lydell/node-pty-linux-arm64@1.2.0-beta.12", "https://registry.npmmirror.com/@lydell/node-pty-linux-arm64/-/node-pty-linux-arm64-1.2.0-beta.12.tgz", { "os": "linux", "cpu": "arm64" }, "sha512-Sx+A71x5BDGHt9ansfrtGxwq2VFVDWvJUAdlUL0Hv0qeiJUfts+hgopx+CgT4PSwahKjdEgtu0+FAfY9rICKRw=="],

    "@lydell/node-pty-linux-x64": ["@lydell/node-pty-linux-x64@1.2.0-beta.12", "https://registry.npmmirror.com/@lydell/node-pty-linux-x64/-/node-pty-linux-x64-1.2.0-beta.12.tgz", { "os": "linux", "cpu": "x64" }, "sha512-bJzs94njofYhGg/UDqW1nj0dtvvu+2OvxMY+RlLS1T17VgcktKoIR6PuenTwE5HJ/D6StCPADmXcT0nNsCKmIQ=="],

    "@lydell/node-pty-win32-arm64": ["@lydell/node-pty-win32-arm64@1.2.0-beta.12", "https://registry.npmmirror.com/@lydell/node-pty-win32-arm64/-/node-pty-win32-arm64-1.2.0-beta.12.tgz", { "os": "win32", "cpu": "arm64" }, "sha512-p7POgjVEiFaBC3/y+AKuV1FzePCsJ6HmZDv2XK+jBZSfwP8+uBAw181ZiKYN1YuRa/XpmBGaWezcI8hZkbW++g=="],

    "@lydell/node-pty-win32-x64": ["@lydell/node-pty-win32-x64@1.2.0-beta.12", "https://registry.npmmirror.com/@lydell/node-pty-win32-x64/-/node-pty-win32-x64-1.2.0-beta.12.tgz", { "os": "win32", "cpu": "x64" }, "sha512-IDFa00g7qUDGUYgByrUBJtC+mOjYVt/8KYyWivCg5JjGOHbBUACUQZLl0jTWmnr+tld/UyTpX90a2PY6oTVtRw=="],

    "@types/node": ["@types/node@24.12.2", "https://registry.npmmirror.com/@types/node/-/node-24.12.2.tgz", { "dependencies": { "undici-types": "~7.16.0" } }, "sha512-A1sre26ke7HDIuY/M23nd9gfB+nrmhtYyMINbjI1zHJxYteKR6qSMX56FsmjMcDb3SMcjJg5BiRRgOCC/yBD0g=="],

    "@types/pg": ["@types/pg@8.20.0", "https://registry.npmmirror.com/@types/pg/-/pg-8.20.0.tgz", { "dependencies": { "@types/node": "*", "pg-protocol": "*", "pg-types": "^2.2.0" } }, "sha512-bEPFOaMAHTEP1EzpvHTbmwR8UsFyHSKsRisLIHVMXnpNefSbGA1bD6CVy+qKjGSqmZqNqBDV2azOBo8TgkcVow=="],

    "esbuild": ["esbuild@0.28.0", "https://registry.npmmirror.com/esbuild/-/esbuild-0.28.0.tgz", { "optionalDependencies": { "@esbuild/aix-ppc64": "0.28.0", "@esbuild/android-arm": "0.28.0", "@esbuild/android-arm64": "0.28.0", "@esbuild/android-x64": "0.28.0", "@esbuild/darwin-arm64": "0.28.0", "@esbuild/darwin-x64": "0.28.0", "@esbuild/freebsd-arm64": "0.28.0", "@esbuild/freebsd-x64": "0.28.0", "@esbuild/linux-arm": "0.28.0", "@esbuild/linux-arm64": "0.28.0", "@esbuild/linux-ia32": "0.28.0", "@esbuild/linux-loong64": "0.28.0", "@esbuild/linux-mips64el": "0.28.0", "@esbuild/linux-ppc64": "0.28.0", "@esbuild/linux-riscv64": "0.28.0", "@esbuild/linux-s390x": "0.28.0", "@esbuild/linux-x64": "0.28.0", "@esbuild/netbsd-arm64": "0.28.0", "@esbuild/netbsd-x64": "0.28.0", "@esbuild/openbsd-arm64": "0.28.0", "@esbuild/openbsd-x64": "0.28.0", "@esbuild/openharmony-arm64": "0.28.0", "@esbuild/sunos-x64": "0.28.0", "@esbuild/win32-arm64": "0.28.0", "@esbuild/win32-ia32": "0.28.0", "@esbuild/win32-x64": "0.28.0" }, "bin": { "esbuild": "bin/esbuild" } }, "sha512-sNR9MHpXSUV/XB4zmsFKN+QgVG82Cc7+/aaxJ8Adi8hyOac+EXptIp45QBPaVyX3N70664wRbTcLTOemCAnyqw=="],

    "hono": ["hono@4.12.15", "https://registry.npmmirror.com/hono/-/hono-4.12.15.tgz", {}, "sha512-qM0jDhFEaCBb4TxoW7f53Qrpv9RBiayUHo0S52JudprkhvpjIrGoU1mnnr29Fvd1U335ZFPZQY1wlkqgfGXyLg=="],

    "pg": ["pg@8.20.0", "https://registry.npmmirror.com/pg/-/pg-8.20.0.tgz", { "dependencies": { "pg-connection-string": "^2.12.0", "pg-pool": "^3.13.0", "pg-protocol": "^1.13.0", "pg-types": "2.2.0", "pgpass": "1.0.5" }, "optionalDependencies": { "pg-cloudflare": "^1.3.0" }, "peerDependencies": { "pg-native": ">=3.0.1" }, "optionalPeers": ["pg-native"] }, "sha512-ldhMxz2r8fl/6QkXnBD3CR9/xg694oT6DZQ2s6c/RI28OjtSOpxnPrUCGOBJ46RCUxcWdx3p6kw/xnDHjKvaRA=="],

    "pg-cloudflare": ["pg-cloudflare@1.3.0", "https://registry.npmmirror.com/pg-cloudflare/-/pg-cloudflare-1.3.0.tgz", {}, "sha512-6lswVVSztmHiRtD6I8hw4qP/nDm1EJbKMRhf3HCYaqud7frGysPv7FYJ5noZQdhQtN2xJnimfMtvQq21pdbzyQ=="],

    "pg-connection-string": ["pg-connection-string@2.12.0", "https://registry.npmmirror.com/pg-connection-string/-/pg-connection-string-2.12.0.tgz", {}, "sha512-U7qg+bpswf3Cs5xLzRqbXbQl85ng0mfSV/J0nnA31MCLgvEaAo7CIhmeyrmJpOr7o+zm0rXK+hNnT5l9RHkCkQ=="],

    "pg-int8": ["pg-int8@1.0.1", "https://registry.npmmirror.com/pg-int8/-/pg-int8-1.0.1.tgz", {}, "sha512-WCtabS6t3c8SkpDBUlb1kjOs7l66xsGdKpIPZsg4wR+B3+u9UAum2odSsF9tnvxg80h4ZxLWMy4pRjOsFIqQpw=="],

    "pg-pool": ["pg-pool@3.13.0", "https://registry.npmmirror.com/pg-pool/-/pg-pool-3.13.0.tgz", { "peerDependencies": { "pg": ">=8.0" } }, "sha512-gB+R+Xud1gLFuRD/QgOIgGOBE2KCQPaPwkzBBGC9oG69pHTkhQeIuejVIk3/cnDyX39av2AxomQiyPT13WKHQA=="],

    "pg-protocol": ["pg-protocol@1.13.0", "https://registry.npmmirror.com/pg-protocol/-/pg-protocol-1.13.0.tgz", {}, "sha512-zzdvXfS6v89r6v7OcFCHfHlyG/wvry1ALxZo4LqgUoy7W9xhBDMaqOuMiF3qEV45VqsN6rdlcehHrfDtlCPc8w=="],

    "pg-types": ["pg-types@2.2.0", "https://registry.npmmirror.com/pg-types/-/pg-types-2.2.0.tgz", { "dependencies": { "pg-int8": "1.0.1", "postgres-array": "~2.0.0", "postgres-bytea": "~1.0.0", "postgres-date": "~1.0.4", "postgres-interval": "^1.1.0" } }, "sha512-qTAAlrEsl8s4OiEQY69wDvcMIdQN6wdz5ojQiOy6YRMuynxenON0O5oCpJI6lshc6scgAY8qvJ2On/p+CXY0GA=="],

    "pgpass": ["pgpass@1.0.5", "https://registry.npmmirror.com/pgpass/-/pgpass-1.0.5.tgz", { "dependencies": { "split2": "^4.1.0" } }, "sha512-FdW9r/jQZhSeohs1Z3sI1yxFQNFvMcnmfuj4WBMUTxOrAyLMaTcE1aAMBiTlbMNaXvBCQuVi0R7hd8udDSP7ug=="],

    "postgres-array": ["postgres-array@2.0.0", "https://registry.npmmirror.com/postgres-array/-/postgres-array-2.0.0.tgz", {}, "sha512-VpZrUqU5A69eQyW2c5CA1jtLecCsN2U/bD6VilrFDWq5+5UIEVO7nazS3TEcHf1zuPYO/sqGvUvW62g86RXZuA=="],

    "postgres-bytea": ["postgres-bytea@1.0.1", "https://registry.npmmirror.com/postgres-bytea/-/postgres-bytea-1.0.1.tgz", {}, "sha512-5+5HqXnsZPE65IJZSMkZtURARZelel2oXUEO8rH83VS/hxH5vv1uHquPg5wZs8yMAfdv971IU+kcPUczi7NVBQ=="],

    "postgres-date": ["postgres-date@1.0.7", "https://registry.npmmirror.com/postgres-date/-/postgres-date-1.0.7.tgz", {}, "sha512-suDmjLVQg78nMK2UZ454hAG+OAW+HQPZ6n++TNDUX+L0+uUlLywnoxJKDou51Zm+zTCjrCl0Nq6J9C5hP9vK/Q=="],

    "postgres-interval": ["postgres-interval@1.2.0", "https://registry.npmmirror.com/postgres-interval/-/postgres-interval-1.2.0.tgz", { "dependencies": { "xtend": "^4.0.0" } }, "sha512-9ZhXKM/rw350N1ovuWHbGxnGh/SNJ4cnxHiM0rxE4VN41wsg8P8zWn9hv/buK00RP4WvlOyr/RBDiptyxVbkZQ=="],

    "split2": ["split2@4.2.0", "https://registry.npmmirror.com/split2/-/split2-4.2.0.tgz", {}, "sha512-UcjcJOWknrNkF6PLX83qcHM6KHgVKNkV62Y8a5uYDVv9ydGQVwAHMKqHdJje1VTWpljG0WYpCDhrCdAOYH4TWg=="],

    "typescript": ["typescript@5.9.3", "https://registry.npmmirror.com/typescript/-/typescript-5.9.3.tgz", { "bin": { "tsc": "bin/tsc", "tsserver": "bin/tsserver" } }, "sha512-jl1vZzPDinLr9eUt3J/t7V6FgNEw9QjvBPdysz9KfQDD41fQrC2Y4vKQdiaUpFT4bXlb1RHhLpp8wtm6M5TgSw=="],

    "undici-types": ["undici-types@7.16.0", "https://registry.npmmirror.com/undici-types/-/undici-types-7.16.0.tgz", {}, "sha512-Zz+aZWSj8LE6zoxD+xrjh4VfkIG8Ya6LvYkZqtUQGJPZjYl53ypCaUwWqo7eI0x66KBGeRo+mlBEkMSeSZ38Nw=="],

    "xtend": ["xtend@4.0.2", "https://registry.npmmirror.com/xtend/-/xtend-4.0.2.tgz", {}, "sha512-LKYU1iAXJXUgAXn9URjiu+MWhyUXHsvfp7mcuYm9dSUKK0/CjtrUwFAxD82/mCWbtLsGjFIad0wIsod4zrTAEQ=="],

    "zod": ["zod@4.3.6", "https://registry.npmmirror.com/zod/-/zod-4.3.6.tgz", {}, "sha512-rftlrkhHZOcjDwkGlnUtZZkvaPHCsDATp4pGpuOOMDaTdDDXF91wuVDJoWoPsKX/3YPQ5fHuF3STjcYyKr+Qhg=="],
  }
}
